<?xml version="1.0" encoding="utf-8"?>
<Project ToolsVersion="4.0" xmlns="http://schemas.microsoft.com/developer/msbuild/2003">
  <ItemGroup>
    <Filter Include="Source Files">
      <UniqueIdentifier>{4FC737F1-C7A5-4376-A066-2A32D752A2FF}</UniqueIdentifier>
      <Extensions>cpp;c;cc;cxx;c++;cppm;ixx;def;odl;idl;hpj;bat;asm;asmx</Extensions>
    </Filter>
    <Filter Include="Header Files">
      <UniqueIdentifier>{93995380-89BD-4b04-88EB-625FBE52EBFB}</UniqueIdentifier>
      <Extensions>h;hh;hpp;hxx;h++;hm;inl;inc;ipp;xsd</Extensions>
    </Filter>
    <Filter Include="Resources">
      <UniqueIdentifier>{273ab127-ed46-4368-b1b0-cf8a88597b2b}</UniqueIdentifier>
    </Filter>
  </ItemGroup>
  <ItemGroup>
    <ClInclude Include="targetver.h">
      <Filter>Header Files</Filter>
    </ClInclude>
    <ClInclude Include="BG3ModStudio.h">
      <Filter>Header Files</Filter>
    </ClInclude>
    <ClInclude Include="stdafx.h">
      <Filter>Header Files</Filter>
    </ClInclude>
    <ClInclude Include="resources\resource.h">
      <Filter>Header Files</Filter>
    </ClInclude>
    <ClInclude Include="MainFrame.h">
      <Filter>Header Files</Filter>
    </ClInclude>
    <ClInclude Include="FolderView.h">
      <Filter>Header Files</Filter>
    </ClInclude>
    <ClInclude Include="FileViews.h">
      <Filter>Header Files</Filter>
    </ClInclude>
    <ClInclude Include="FileDialogEx.h">
      <Filter>Header Files</Filter>
    </ClInclude>
    <ClInclude Include="UTF8Stream.h">
      <Filter>Header Files</Filter>
    </ClInclude>
    <ClInclude Include="TextTokenizer.h">
      <Filter>Header Files</Filter>
    </ClInclude>
    <ClInclude Include="TextFileView.h">
      <Filter>Header Files</Filter>
    </ClInclude>
    <ClInclude Include="IFileView.h">
      <Filter>Header Files</Filter>
    </ClInclude>
    <ClInclude Include="FileViewFactory.h">
      <Filter>Header Files</Filter>
    </ClInclude>
    <ClInclude Include="BinaryFileView.h">
      <Filter>Header Files</Filter>
    </ClInclude>
    <ClInclude Include="SelectObject.h">
      <Filter>Header Files</Filter>
    </ClInclude>
    <ClInclude Include="TabViewCtrl.h">
      <Filter>Header Files</Filter>
    </ClInclude>
    <ClInclude Include="TabViewImpl.h">
      <Filter>Header Files</Filter>
    </ClInclude>
    <ClInclude Include="FileOperation.h">
      <Filter>Header Files</Filter>
    </ClInclude>
    <ClInclude Include="ShellHelper.h">
      <Filter>Header Files</Filter>
    </ClInclude>
    <ClInclude Include="Util.h">
      <Filter>Header Files</Filter>
    </ClInclude>
    <ClInclude Include="FormatToken.h">
      <Filter>Header Files</Filter>
    </ClInclude>
    <ClInclude Include="ScintillaCtrl.h">
      <Filter>Header Files</Filter>
    </ClInclude>
    <ClInclude Include="DocStyler.h">
      <Filter>Header Files</Filter>
    </ClInclude>
    <ClInclude Include="ScintillaLoader.h">
      <Filter>Header Files</Filter>
    </ClInclude>
    <ClInclude Include="IndexDlg.h">
      <Filter>Header Files</Filter>
    </ClInclude>
    <ClInclude Include="SearchDlg.h">
      <Filter>Header Files</Filter>
    </ClInclude>
    <ClInclude Include="AttributeDlg.h">
      <Filter>Header Files</Filter>
    </ClInclude>
    <ClInclude Include="ModelessDialog.h">
      <Filter>Header Files</Filter>
    </ClInclude>
    <ClInclude Include="SettingsDlg.h">
      <Filter>Header Files</Filter>
    </ClInclude>
    <ClInclude Include="GameObjectDlg.h">
      <Filter>Header Files</Filter>
    </ClInclude>
    <ClInclude Include="IconExplorerDlg.h">
      <Filter>Header Files</Filter>
    </ClInclude>
    <ClInclude Include="ImageView.h">
      <Filter>Header Files</Filter>
    </ClInclude>
    <ClInclude Include="IconDlg.h">
      <Filter>Header Files</Filter>
    </ClInclude>
    <ClInclude Include="PAKWizard.h">
      <Filter>Header Files</Filter>
    </ClInclude>
    <ClInclude Include="PAKWizSheet.h">
      <Filter>Header Files</Filter>
    </ClInclude>
    <ClInclude Include="PAKWizWelcomePage.h">
      <Filter>Header Files</Filter>
    </ClInclude>
    <ClInclude Include="PAKWizFilePage.h">
      <Filter>Header Files</Filter>
    </ClInclude>
    <ClInclude Include="PAKWizBuildPage.h">
      <Filter>Header Files</Filter>
    </ClInclude>
    <ClInclude Include="PAKIgnore.h">
      <Filter>Header Files</Filter>
    </ClInclude>
    <ClInclude Include="UUIDDlg.h">
      <Filter>Header Files</Filter>
    </ClInclude>
    <ClInclude Include="LSFFileView.h">
      <Filter>Header Files</Filter>
    </ClInclude>
    <ClInclude Include="COMError.h">
      <Filter>Header Files</Filter>
    </ClInclude>
    <ClInclude Include="PakExplorerDlg.h">
      <Filter>Header Files</Filter>
    </ClInclude>
    <ClInclude Include="FileViewContainer.h">
      <Filter>Header Files</Filter>
    </ClInclude>
    <ClInclude Include="AboutDlg.h">
      <Filter>Header Files</Filter>
    </ClInclude>
    <ClInclude Include="LocaFileView.h">
      <Filter>Header Files</Filter>
    </ClInclude>
    <ClInclude Include="NewProjectWizard.h">
      <Filter>Header Files</Filter>
    </ClInclude>
    <ClInclude Include="NewProjectSheet.h">
      <Filter>Header Files</Filter>
    </ClInclude>
    <ClInclude Include="NewProjectWelcomePage.h">
      <Filter>Header Files</Filter>
    </ClInclude>
    <ClInclude Include="NewProjectFolderPage.h">
      <Filter>Header Files</Filter>
    </ClInclude>
    <ClInclude Include="NewProjectBuildPage.h">
      <Filter>Header Files</Filter>
    </ClInclude>
    <ClInclude Include="Win32ErrorMessage.h">
      <Filter>Header Files</Filter>
    </ClInclude>
    <ClInclude Include="ResourceHelper.h">
      <Filter>Header Files</Filter>
    </ClInclude>
    <ClInclude Include="FindReplaceDlg.h">
      <Filter>Header Files</Filter>
    </ClInclude>
    <ClInclude Include="ValueViewDlg.h">
      <Filter>Header Files</Filter>
    </ClInclude>
    <ClInclude Include="DatabaseDlg.h">
      <Filter>Header Files</Filter>
    </ClInclude>
    <ClInclude Include="GR2FileView.h">
      <Filter>Header Files</Filter>
    </ClInclude>
    <ClInclude Include="D3DModel.h">
      <Filter>Header Files</Filter>
    </ClInclude>
    <ClInclude Include="LicenseView.h">
      <Filter>Header Files</Filter>
    </ClInclude>
    <ClInclude Include="OsiFileView.h">
      <Filter>Header Files</Filter>
    </ClInclude>
    <ClInclude Include="OsiViewFactory.h">
      <Filter>Header Files</Filter>
    </ClInclude>
    <ClInclude Include="FormView.h">
      <Filter>Header Files</Filter>
    </ClInclude>
    <ClInclude Include="GoalFormView.h">
      <Filter>Header Files</Filter>
    </ClInclude>
    <ClInclude Include="FormViewContainer.h">
      <Filter>Header Files</Filter>
    </ClInclude>
    <ClInclude Include="OsiData.h">
      <Filter>Header Files</Filter>
    </ClInclude>
    <ClInclude Include="FunctionFormView.h">
      <Filter>Header Files</Filter>
    </ClInclude>
    <ClInclude Include="TypeFormView.h">
      <Filter>Header Files</Filter>
    </ClInclude>
    <ClInclude Include="DatabaseFormView.h">
      <Filter>Header Files</Filter>
    </ClInclude>
    <ClInclude Include="FolderMonitor.h">
      <Filter>Header Files</Filter>
    </ClInclude>
  </ItemGroup>
  <ItemGroup>
    <ClCompile Include="BG3ModStudio.cpp">
      <Filter>Source Files</Filter>
    </ClCompile>
    <ClCompile Include="stdafx.cpp">
      <Filter>Source Files</Filter>
    </ClCompile>
    <ClCompile Include="MainFrame.cpp">
      <Filter>Source Files</Filter>
    </ClCompile>
    <ClCompile Include="FolderView.cpp">
      <Filter>Source Files</Filter>
    </ClCompile>
    <ClCompile Include="FileViews.cpp">
      <Filter>Source Files</Filter>
    </ClCompile>
    <ClCompile Include="FileDialogEx.cpp">
      <Filter>Source Files</Filter>
    </ClCompile>
    <ClCompile Include="UTF8Stream.cpp">
      <Filter>Source Files</Filter>
    </ClCompile>
    <ClCompile Include="TextFileView.cpp">
      <Filter>Source Files</Filter>
    </ClCompile>
    <ClCompile Include="FileViewFactory.cpp">
      <Filter>Source Files</Filter>
    </ClCompile>
    <ClCompile Include="BinaryFileView.cpp">
      <Filter>Source Files</Filter>
    </ClCompile>
    <ClCompile Include="FileOperation.cpp">
      <Filter>Source Files</Filter>
    </ClCompile>
    <ClCompile Include="ShellHelper.cpp">
      <Filter>Source Files</Filter>
    </ClCompile>
    <ClCompile Include="Util.cpp">
      <Filter>Source Files</Filter>
    </ClCompile>
    <ClCompile Include="DocStyler.cpp">
      <Filter>Source Files</Filter>
    </ClCompile>
    <ClCompile Include="IndexDlg.cpp">
      <Filter>Source Files</Filter>
    </ClCompile>
    <ClCompile Include="SearchDlg.cpp">
      <Filter>Source Files</Filter>
    </ClCompile>
    <ClCompile Include="AttributeDlg.cpp">
      <Filter>Source Files</Filter>
    </ClCompile>
    <ClCompile Include="SettingsDlg.cpp">
      <Filter>Source Files</Filter>
    </ClCompile>
    <ClCompile Include="GameObjectDlg.cpp">
      <Filter>Source Files</Filter>
    </ClCompile>
    <ClCompile Include="IconExplorerDlg.cpp">
      <Filter>Source Files</Filter>
    </ClCompile>
    <ClCompile Include="ImageView.cpp">
      <Filter>Source Files</Filter>
    </ClCompile>
    <ClCompile Include="IconDlg.cpp">
      <Filter>Source Files</Filter>
    </ClCompile>
    <ClCompile Include="PAKWizard.cpp">
      <Filter>Source Files</Filter>
    </ClCompile>
    <ClCompile Include="PAKWizSheet.cpp">
      <Filter>Source Files</Filter>
    </ClCompile>
    <ClCompile Include="PAKWizWelcomePage.cpp">
      <Filter>Source Files</Filter>
    </ClCompile>
    <ClCompile Include="PAKWizFilePage.cpp">
      <Filter>Source Files</Filter>
    </ClCompile>
    <ClCompile Include="PAKWizBuildPage.cpp">
      <Filter>Source Files</Filter>
    </ClCompile>
    <ClCompile Include="PAKIgnore.cpp">
      <Filter>Source Files</Filter>
    </ClCompile>
    <ClCompile Include="UUIDDlg.cpp">
      <Filter>Source Files</Filter>
    </ClCompile>
    <ClCompile Include="LSFFileView.cpp">
      <Filter>Source Files</Filter>
    </ClCompile>
    <ClCompile Include="COMError.cpp">
      <Filter>Source Files</Filter>
    </ClCompile>
    <ClCompile Include="PakExplorerDlg.cpp">
      <Filter>Source Files</Filter>
    </ClCompile>
    <ClCompile Include="FileViewContainer.cpp">
      <Filter>Source Files</Filter>
    </ClCompile>
    <ClCompile Include="AboutDlg.cpp">
      <Filter>Source Files</Filter>
    </ClCompile>
    <ClCompile Include="LocaFileView.cpp">
      <Filter>Source Files</Filter>
    </ClCompile>
    <ClCompile Include="NewProjectWizard.cpp">
      <Filter>Source Files</Filter>
    </ClCompile>
    <ClCompile Include="NewProjectSheet.cpp">
      <Filter>Source Files</Filter>
    </ClCompile>
    <ClCompile Include="NewProjectWelcomePage.cpp">
      <Filter>Source Files</Filter>
    </ClCompile>
    <ClCompile Include="NewProjectFolderPage.cpp">
      <Filter>Source Files</Filter>
    </ClCompile>
    <ClCompile Include="NewProjectBuildPage.cpp">
      <Filter>Source Files</Filter>
    </ClCompile>
    <ClCompile Include="Win32ErrorMessage.cpp">
      <Filter>Source Files</Filter>
    </ClCompile>
    <ClCompile Include="ResourceHelper.cpp">
      <Filter>Source Files</Filter>
    </ClCompile>
    <ClCompile Include="FindReplaceDlg.cpp">
      <Filter>Source Files</Filter>
    </ClCompile>
    <ClCompile Include="ValueViewDlg.cpp">
      <Filter>Source Files</Filter>
    </ClCompile>
    <ClCompile Include="DatabaseDlg.cpp">
      <Filter>Source Files</Filter>
    </ClCompile>
    <ClCompile Include="GR2FileView.cpp">
      <Filter>Source Files</Filter>
    </ClCompile>
    <ClCompile Include="D3DModel.cpp">
      <Filter>Source Files</Filter>
    </ClCompile>
    <ClCompile Include="LicenseView.cpp">
      <Filter>Source Files</Filter>
    </ClCompile>
    <ClCompile Include="OsiFileView.cpp">
      <Filter>Source Files</Filter>
    </ClCompile>
    <ClCompile Include="OsiViewFactory.cpp">
      <Filter>Source Files</Filter>
    </ClCompile>
    <ClCompile Include="GoalFormView.cpp">
      <Filter>Source Files</Filter>
    </ClCompile>
    <ClCompile Include="FormViewContainer.cpp">
      <Filter>Source Files</Filter>
    </ClCompile>
    <ClCompile Include="FunctionFormView.cpp">
      <Filter>Source Files</Filter>
    </ClCompile>
    <ClCompile Include="TypeFormView.cpp">
      <Filter>Source Files</Filter>
    </ClCompile>
    <ClCompile Include="DatabaseFormView.cpp">
      <Filter>Source Files</Filter>
    </ClCompile>
    <ClCompile Include="FolderMonitor.cpp">
      <Filter>Source Files</Filter>
    </ClCompile>
  </ItemGroup>
  <ItemGroup>
    <CustomBuild Include="ribbon.xml">
      <Filter>Resources</Filter>
    </CustomBuild>
  </ItemGroup>
  <ItemGroup>
    <Image Include="resources\app.ico">
      <Filter>Resources</Filter>
    </Image>
    <Image Include="resources\folder.ico">
      <Filter>Resources</Filter>
    </Image>
    <Image Include="resources\file.ico">
      <Filter>Resources</Filter>
    </Image>
    <Image Include="resources\exit.bmp">
      <Filter>Resources</Filter>
    </Image>
    <Image Include="resources\open.bmp">
      <Filter>Resources</Filter>
    </Image>
    <Image Include="resources\save.bmp">
      <Filter>Resources</Filter>
    </Image>
    <Image Include="resources\saveall.bmp">
      <Filter>Resources</Filter>
    </Image>
    <Image Include="resources\nobom.ico">
      <Filter>Resources</Filter>
    </Image>
    <Image Include="resources\bom.ico">
      <Filter>Resources</Filter>
    </Image>
    <Image Include="resources\filenew.bmp">
      <Filter>Resources</Filter>
    </Image>
    <Image Include="resources\close.bmp">
      <Filter>Resources</Filter>
    </Image>
    <Image Include="resources\package.bmp">
      <Filter>Resources</Filter>
    </Image>
    <Image Include="resources\about.bmp">
      <Filter>Resources</Filter>
    </Image>
    <Image Include="resources\globe.bmp">
      <Filter>Resources</Filter>
    </Image>
    <Image Include="resources\index.bmp">
      <Filter>Resources</Filter>
    </Image>
    <Image Include="resources\search.bmp">
      <Filter>Resources</Filter>
    </Image>
    <Image Include="resources\gear.bmp">
      <Filter>Resources</Filter>
    </Image>
    <Image Include="resources\lsf.bmp">
      <Filter>Resources</Filter>
    </Image>
    <Image Include="resources\game-object.bmp">
      <Filter>Resources</Filter>
    </Image>
    <Image Include="resources\icon-explorer.bmp">
      <Filter>Resources</Filter>
    </Image>
    <Image Include="resources\pak.bmp">
      <Filter>Resources</Filter>
    </Image>
    <Image Include="resources\pak-large.bmp">
      <Filter>Resources</Filter>
    </Image>
    <Image Include="resources\uuid.bmp">
      <Filter>Resources</Filter>
    </Image>
    <Image Include="resources\setup.bmp">
      <Filter>Resources</Filter>
    </Image>
    <Image Include="resources\catalog.bmp">
      <Filter>Resources</Filter>
    </Image>
    <Image Include="resources\resource.ico">
      <Filter>Resources</Filter>
    </Image>
    <Image Include="resources\node.ico">
      <Filter>Resources</Filter>
    </Image>
    <Image Include="resources\region.ico">
      <Filter>Resources</Filter>
    </Image>
    <Image Include="resources\pak-explorer.bmp">
      <Filter>Resources</Filter>
    </Image>
    <Image Include="resources\bg3.bmp">
      <Filter>Resources</Filter>
    </Image>
    <Image Include="resources\wizard.bmp">
      <Filter>Resources</Filter>
    </Image>
    <Image Include="resources\new-project-large.bmp">
      <Filter>Resources</Filter>
    </Image>
    <Image Include="resources\find.bmp">
      <Filter>Resources</Filter>
    </Image>
    <Image Include="resources\db.bmp">
      <Filter>Resources</Filter>
    </Image>
    <Image Include="resources\game-object.ico">
      <Filter>Resources</Filter>
    </Image>
    <Image Include="resources\goal.ico">
      <Filter>Resources</Filter>
    </Image>
    <Image Include="resources\call.ico">
      <Filter>Resources</Filter>
    </Image>
    <Image Include="resources\folder-small.ico">
      <Filter>Resources</Filter>
    </Image>
    <Image Include="resources\function.ico">
      <Filter>Resources</Filter>
    </Image>
    <Image Include="resources\types.ico">
      <Filter>Resources</Filter>
    </Image>
    <Image Include="resources\enum.ico">
      <Filter>Resources</Filter>
    </Image>
  </ItemGroup>
  <ItemGroup>
    <ResourceCompile Include="resources\BG3ModStudio.rc">
      <Filter>Resources</Filter>
    </ResourceCompile>
  </ItemGroup>
  <ItemGroup>
    <Xml Include="resources\meta.xml">
      <Filter>Resources</Filter>
    </Xml>
    <Xml Include="resources\loca.xml">
      <Filter>Resources</Filter>
    </Xml>
    <Xml Include="resources\root-template.xml">
      <Filter>Resources</Filter>
    </Xml>
  </ItemGroup>
  <ItemGroup>
    <Text Include="resources\treasure-template.txt">
      <Filter>Resources</Filter>
    </Text>
  </ItemGroup>
  <ItemGroup>
    <None Include="resources\Version.rc2">
      <Filter>Resources</Filter>
    </None>
  </ItemGroup>
</Project>