<?xml version="1.0" encoding="utf-8"?>
<Project ToolsVersion="4.0" xmlns="http://schemas.microsoft.com/developer/msbuild/2003">
  <ItemGroup>
    <Filter Include="Source Files">
      <UniqueIdentifier>{4FC737F1-C7A5-4376-A066-2A32D752A2FF}</UniqueIdentifier>
      <Extensions>cpp;c;cc;cxx;c++;cppm;ixx;def;odl;idl;hpj;bat;asm;asmx</Extensions>
    </Filter>
    <Filter Include="Header Files">
      <UniqueIdentifier>{93995380-89BD-4b04-88EB-625FBE52EBFB}</UniqueIdentifier>
      <Extensions>h;hh;hpp;hxx;h++;hm;inl;inc;ipp;xsd</Extensions>
    </Filter>
    <Filter Include="Resource Files">
      <UniqueIdentifier>{67DA6AB6-F800-4c08-8B7A-83BB121AAD01}</UniqueIdentifier>
      <Extensions>rc;ico;cur;bmp;dlg;rc2;rct;bin;rgs;gif;jpg;jpeg;jpe;resx;tiff;tif;png;wav;mfcribbon-ms</Extensions>
    </Filter>
    <Filter Include="Test Files">
      <UniqueIdentifier>{bddfd17a-3eeb-49c2-b16f-297ef87cf0be}</UniqueIdentifier>
    </Filter>
  </ItemGroup>
  <ItemGroup>
    <ClCompile Include="LocaTests.cpp">
      <Filter>Source Files</Filter>
    </ClCompile>
    <ClCompile Include="pch.cpp">
      <Filter>Source Files</Filter>
    </ClCompile>
    <ClCompile Include="RBTreeTests.cpp">
      <Filter>Source Files</Filter>
    </ClCompile>
    <ClCompile Include="FibTreeTests.cpp">
      <Filter>Source Files</Filter>
    </ClCompile>
    <ClCompile Include="RopeTests.cpp">
      <Filter>Source Files</Filter>
    </ClCompile>
    <ClCompile Include="MD5Tests.cpp">
      <Filter>Source Files</Filter>
    </ClCompile>
    <ClCompile Include="MemStreamTests.cpp">
      <Filter>Source Files</Filter>
    </ClCompile>
    <ClCompile Include="FNVHashTests.cpp">
      <Filter>Source Files</Filter>
    </ClCompile>
    <ClCompile Include="FileStreamTests.cpp">
      <Filter>Source Files</Filter>
    </ClCompile>
    <ClCompile Include="BTreeTests.cpp">
      <Filter>Source Files</Filter>
    </ClCompile>
    <ClCompile Include="LSFTests.cpp">
      <Filter>Source Files</Filter>
    </ClCompile>
    <ClCompile Include="GR2Tests.cpp">
      <Filter>Source Files</Filter>
    </ClCompile>
    <ClCompile Include="PAKTests.cpp">
      <Filter>Source Files</Filter>
    </ClCompile>
  </ItemGroup>
  <ItemGroup>
    <ClInclude Include="pch.h">
      <Filter>Header Files</Filter>
    </ClInclude>
  </ItemGroup>
  <ItemGroup>
    <Xml Include="resources\loca.xml">
      <Filter>Test Files</Filter>
    </Xml>
  </ItemGroup>
</Project>
